
Microsoft Visual Studio Solution File, Format Version 12.00
Project("{F2A71F9B-5D33-465A-A702-920D77279786}") = "FsSettlements.Web", "FsSettlements.Web\FsSettlements.Web.fsproj", "{ADA1261A-54D6-4BDD-A4A3-35D5F74540FA}"
EndProject
Global
	GlobalSection(SolutionConfigurationPlatforms) = preSolution
		Debug|Any CPU = Debug|Any CPU
		Release|Any CPU = Release|Any CPU
	EndGlobalSection
	GlobalSection(ProjectConfigurationPlatforms) = postSolution
		{ADA1261A-54D6-4BDD-A4A3-35D5F74540FA}.Debug|Any CPU.ActiveCfg = Debug|Any CPU
		{ADA1261A-54D6-4BDD-A4A3-35D5F74540FA}.Debug|Any CPU.Build.0 = Debug|Any CPU
		{ADA1261A-54D6-4BDD-A4A3-35D5F74540FA}.Release|Any CPU.ActiveCfg = Release|Any CPU
		{ADA1261A-54D6-4BDD-A4A3-35D5F74540FA}.Release|Any CPU.Build.0 = Release|Any CPU
	EndGlobalSection
EndGlobal
